
Microsoft Visual Studio Solution File, Format Version 11.00
# Visual Studio 2010
Project("{FAE04EC0-301F-11D3-BF4B-00C04F79EFBC}") = "SharpPunk.Windows", "src\SharpPunk\SharpPunk.Windows.csproj", "{1A5EE900-9248-46F5-A0C6-A06E2C15EC06}"
EndProject
Project("{FAE04EC0-301F-11D3-BF4B-00C04F79EFBC}") = "BlankProject.Windows", "samples\BlankProject\BlankProject.Windows.csproj", "{6604773D-FE33-4D33-92E3-DAAC023FF924}"
EndProject
Project("{2150E333-8FDC-42A3-9474-1A3956D46DE8}") = "Samples", "Samples", "{29CE3AFE-8522-4C12-BCEE-3F5607E50826}"
EndProject
Global
	GlobalSection(SolutionConfigurationPlatforms) = preSolution
		Debug|Any CPU = Debug|Any CPU
		Release|Any CPU = Release|Any CPU
	EndGlobalSection
	GlobalSection(ProjectConfigurationPlatforms) = postSolution
		{1A5EE900-9248-46F5-A0C6-A06E2C15EC06}.Debug|Any CPU.ActiveCfg = Debug|Any CPU
		{1A5EE900-9248-46F5-A0C6-A06E2C15EC06}.Debug|Any CPU.Build.0 = Debug|Any CPU
		{1A5EE900-9248-46F5-A0C6-A06E2C15EC06}.Release|Any CPU.ActiveCfg = Release|Any CPU
		{1A5EE900-9248-46F5-A0C6-A06E2C15EC06}.Release|Any CPU.Build.0 = Release|Any CPU
		{6604773D-FE33-4D33-92E3-DAAC023FF924}.Debug|Any CPU.ActiveCfg = Debug|Any CPU
		{6604773D-FE33-4D33-92E3-DAAC023FF924}.Debug|Any CPU.Build.0 = Debug|Any CPU
		{6604773D-FE33-4D33-92E3-DAAC023FF924}.Release|Any CPU.ActiveCfg = Release|Any CPU
		{6604773D-FE33-4D33-92E3-DAAC023FF924}.Release|Any CPU.Build.0 = Release|Any CPU
	EndGlobalSection
	GlobalSection(SolutionProperties) = preSolution
		HideSolutionNode = FALSE
	EndGlobalSection
	GlobalSection(NestedProjects) = preSolution
		{6604773D-FE33-4D33-92E3-DAAC023FF924} = {29CE3AFE-8522-4C12-BCEE-3F5607E50826}
	EndGlobalSection
EndGlobal
